
Microsoft Visual Studio Solution File, Format Version 12.00
Project("{FAE04EC0-301F-11D3-BF4B-00C04F79EFBC}") = "Producer", "Producer\Producer.csproj", "{403E41AE-2607-403A-BB3E-1D0D429FA32B}"
EndProject
Global
	GlobalSection(SolutionConfigurationPlatforms) = preSolution
		Debug|Any CPU = Debug|Any CPU
		Release|Any CPU = Release|Any CPU
	EndGlobalSection
	GlobalSection(ProjectConfigurationPlatforms) = postSolution
		{403E41AE-2607-403A-BB3E-1D0D429FA32B}.Debug|Any CPU.ActiveCfg = Debug|Any CPU
		{403E41AE-2607-403A-BB3E-1D0D429FA32B}.Debug|Any CPU.Build.0 = Debug|Any CPU
		{403E41AE-2607-403A-BB3E-1D0D429FA32B}.Release|Any CPU.ActiveCfg = Release|Any CPU
		{403E41AE-2607-403A-BB3E-1D0D429FA32B}.Release|Any CPU.Build.0 = Release|Any CPU
	EndGlobalSection
EndGlobal
